{
  "name": "image",
  "version": "1.0.0",
  "lockfileVersion": 2,
  "requires": true,
  "packages": {
    "": {
      "name": "image",
      "version": "1.0.0",
      "license": "ISC",
      "dependencies": {
        "image-to-pdf": "^2.0.0",
        "linebreak": "^1.1.0"
      }
    },
    "node_modules/@swc/helpers": {
      "version": "0.3.17",
      "license": "MIT",
      "dependencies": {
        "tslib": "^2.4.0"
      }
    },
    "node_modules/available-typed-arrays": {
      "version": "1.0.5",
      "license": "MIT",
      "engines": {
        "node": ">= 0.4"
      },
      "funding": {
        "url": "https://github.com/sponsors/ljharb"
      }
    },
    "node_modules/base64-js": {
      "version": "1.5.1",
      "funding": [
        {
          "type": "github",
          "url": "https://github.com/sponsors/feross"
        },
        {
          "type": "patreon",
          "url": "https://www.patreon.com/feross"
        },
        {
          "type": "consulting",
          "url": "https://feross.org/support"
        }
      ],
      "license": "MIT"
    },
    "node_modules/brotli": {
      "version": "1.3.3",
      "license": "MIT",
      "dependencies": {
        "base64-js": "^1.1.2"
      }
    },
    "node_modules/call-bind": {
      "version": "1.0.2",
      "license": "MIT",
      "dependencies": {
        "function-bind": "^1.1.1",
        "get-intrinsic": "^1.0.2"
      },
      "funding": {
        "url": "https://github.com/sponsors/ljharb"
      }
    },
    "node_modules/clone": {
      "version": "2.1.2",
      "license": "MIT",
      "engines": {
        "node": ">=0.8"
      }
    },
    "node_modules/crypto-js": {
      "version": "4.1.1",
      "license": "MIT"
    },
    "node_modules/deep-equal": {
      "version": "2.1.0",
      "license": "MIT",
      "dependencies": {
        "call-bind": "^1.0.2",
        "es-get-iterator": "^1.1.2",
        "get-intrinsic": "^1.1.3",
        "is-arguments": "^1.1.1",
        "is-date-object": "^1.0.5",
        "is-regex": "^1.1.4",
        "isarray": "^2.0.5",
        "object-is": "^1.1.5",
        "object-keys": "^1.1.1",
        "object.assign": "^4.1.4",
        "regexp.prototype.flags": "^1.4.3",
        "side-channel": "^1.0.4",
        "which-boxed-primitive": "^1.0.2",
        "which-collection": "^1.0.1",
        "which-typed-array": "^1.1.8"
      },
      "funding": {
        "url": "https://github.com/sponsors/ljharb"
      }
    },
    "node_modules/define-properties": {
      "version": "1.1.4",
      "license": "MIT",
      "dependencies": {
        "has-property-descriptors": "^1.0.0",
        "object-keys": "^1.1.1"
      },
      "engines": {
        "node": ">= 0.4"
      },
      "funding": {
        "url": "https://github.com/sponsors/ljharb"
      }
    },
    "node_modules/dfa": {
      "version": "1.2.0",
      "license": "MIT"
    },
    "node_modules/es-get-iterator": {
      "version": "1.1.2",
      "license": "MIT",
      "dependencies": {
        "call-bind": "^1.0.2",
        "get-intrinsic": "^1.1.0",
        "has-symbols": "^1.0.1",
        "is-arguments": "^1.1.0",
        "is-map": "^2.0.2",
        "is-set": "^2.0.2",
        "is-string": "^1.0.5",
        "isarray": "^2.0.5"
      },
      "funding": {
        "url": "https://github.com/sponsors/ljharb"
      }
    },
    "node_modules/fontkit": {
      "version": "1.9.0",
      "license": "MIT",
      "dependencies": {
        "@swc/helpers": "^0.3.13",
        "brotli": "^1.3.2",
        "clone": "^2.1.2",
        "deep-equal": "^2.0.5",
        "dfa": "^1.2.0",
        "restructure": "^2.0.1",
        "tiny-inflate": "^1.0.3",
        "unicode-properties": "^1.3.1",
        "unicode-trie": "^2.0.0"
      }
    },
    "node_modules/for-each": {
      "version": "0.3.3",
      "license": "MIT",
      "dependencies": {
        "is-callable": "^1.1.3"
      }
    },
    "node_modules/function-bind": {
      "version": "1.1.1",
      "license": "MIT"
    },
    "node_modules/functions-have-names": {
      "version": "1.2.3",
      "license": "MIT",
      "funding": {
        "url": "https://github.com/sponsors/ljharb"
      }
    },
    "node_modules/get-intrinsic": {
      "version": "1.1.3",
      "license": "MIT",
      "dependencies": {
        "function-bind": "^1.1.1",
        "has": "^1.0.3",
        "has-symbols": "^1.0.3"
      },
      "funding": {
        "url": "https://github.com/sponsors/ljharb"
      }
    },
    "node_modules/gopd": {
      "version": "1.0.1",
      "license": "MIT",
      "dependencies": {
        "get-intrinsic": "^1.1.3"
      },
      "funding": {
        "url": "https://github.com/sponsors/ljharb"
      }
    },
    "node_modules/has": {
      "version": "1.0.3",
      "license": "MIT",
      "dependencies": {
        "function-bind": "^1.1.1"
      },
      "engines": {
        "node": ">= 0.4.0"
      }
    },
    "node_modules/has-bigints": {
      "version": "1.0.2",
      "license": "MIT",
      "funding": {
        "url": "https://github.com/sponsors/ljharb"
      }
    },
    "node_modules/has-property-descriptors": {
      "version": "1.0.0",
      "license": "MIT",
      "dependencies": {
        "get-intrinsic": "^1.1.1"
      },
      "funding": {
        "url": "https://github.com/sponsors/ljharb"
      }
    },
    "node_modules/has-symbols": {
      "version": "1.0.3",
      "license": "MIT",
      "engines": {
        "node": ">= 0.4"
      },
      "funding": {
        "url": "https://github.com/sponsors/ljharb"
      }
    },
    "node_modules/has-tostringtag": {
      "version": "1.0.0",
      "license": "MIT",
      "dependencies": {
        "has-symbols": "^1.0.2"
      },
      "engines": {
        "node": ">= 0.4"
      },
      "funding": {
        "url": "https://github.com/sponsors/ljharb"
      }
    },
    "node_modules/image-to-pdf": {
      "version": "2.0.0",
      "resolved": "https://registry.npmjs.org/image-to-pdf/-/image-to-pdf-2.0.0.tgz",
      "integrity": "sha512-LgD++wJQ8euCjo1cxcfECOyYtPFJZiZEUaknSWjuVbz37meYURW3A8gF+72QiQuWywAm5DLFxuggOu9+ZTxAfQ==",
      "dependencies": {
        "pdfkit": "^0.13.0"
      }
    },
    "node_modules/is-arguments": {
      "version": "1.1.1",
      "license": "MIT",
      "dependencies": {
        "call-bind": "^1.0.2",
        "has-tostringtag": "^1.0.0"
      },
      "engines": {
        "node": ">= 0.4"
      },
      "funding": {
        "url": "https://github.com/sponsors/ljharb"
      }
    },
    "node_modules/is-bigint": {
      "version": "1.0.4",
      "license": "MIT",
      "dependencies": {
        "has-bigints": "^1.0.1"
      },
      "funding": {
        "url": "https://github.com/sponsors/ljharb"
      }
    },
    "node_modules/is-boolean-object": {
      "version": "1.1.2",
      "license": "MIT",
      "dependencies": {
        "call-bind": "^1.0.2",
        "has-tostringtag": "^1.0.0"
      },
      "engines": {
        "node": ">= 0.4"
      },
      "funding": {
        "url": "https://github.com/sponsors/ljharb"
      }
    },
    "node_modules/is-callable": {
      "version": "1.2.7",
      "license": "MIT",
      "engines": {
        "node": ">= 0.4"
      },
      "funding": {
        "url": "https://github.com/sponsors/ljharb"
      }
    },
    "node_modules/is-date-object": {
      "version": "1.0.5",
      "license": "MIT",
      "dependencies": {
        "has-tostringtag": "^1.0.0"
      },
      "engines": {
        "node": ">= 0.4"
      },
      "funding": {
        "url": "https://github.com/sponsors/ljharb"
      }
    },
    "node_modules/is-map": {
      "version": "2.0.2",
      "license": "MIT",
      "funding": {
        "url": "https://github.com/sponsors/ljharb"
      }
    },
    "node_modules/is-number-object": {
      "version": "1.0.7",
      "license": "MIT",
      "dependencies": {
        "has-tostringtag": "^1.0.0"
      },
      "engines": {
        "node": ">= 0.4"
      },
      "funding": {
        "url": "https://github.com/sponsors/ljharb"
      }
    },
    "node_modules/is-regex": {
      "version": "1.1.4",
      "license": "MIT",
      "dependencies": {
        "call-bind": "^1.0.2",
        "has-tostringtag": "^1.0.0"
      },
      "engines": {
        "node": ">= 0.4"
      },
      "funding": {
        "url": "https://github.com/sponsors/ljharb"
      }
    },
    "node_modules/is-set": {
      "version": "2.0.2",
      "license": "MIT",
      "funding": {
        "url": "https://github.com/sponsors/ljharb"
      }
    },
    "node_modules/is-string": {
      "version": "1.0.7",
      "license": "MIT",
      "dependencies": {
        "has-tostringtag": "^1.0.0"
      },
      "engines": {
        "node": ">= 0.4"
      },
      "funding": {
        "url": "https://github.com/sponsors/ljharb"
      }
    },
    "node_modules/is-symbol": {
      "version": "1.0.4",
      "license": "MIT",
      "dependencies": {
        "has-symbols": "^1.0.2"
      },
      "engines": {
        "node": ">= 0.4"
      },
      "funding": {
        "url": "https://github.com/sponsors/ljharb"
      }
    },
    "node_modules/is-typed-array": {
      "version": "1.1.10",
      "license": "MIT",
      "dependencies": {
        "available-typed-arrays": "^1.0.5",
        "call-bind": "^1.0.2",
        "for-each": "^0.3.3",
        "gopd": "^1.0.1",
        "has-tostringtag": "^1.0.0"
      },
      "engines": {
        "node": ">= 0.4"
      },
      "funding": {
        "url": "https://github.com/sponsors/ljharb"
      }
    },
    "node_modules/is-weakmap": {
      "version": "2.0.1",
      "license": "MIT",
      "funding": {
        "url": "https://github.com/sponsors/ljharb"
      }
    },
    "node_modules/is-weakset": {
      "version": "2.0.2",
      "license": "MIT",
      "dependencies": {
        "call-bind": "^1.0.2",
        "get-intrinsic": "^1.1.1"
      },
      "funding": {
        "url": "https://github.com/sponsors/ljharb"
      }
    },
    "node_modules/isarray": {
      "version": "2.0.5",
      "license": "MIT"
    },
    "node_modules/linebreak": {
      "version": "1.1.0",
      "resolved": "https://registry.npmjs.org/linebreak/-/linebreak-1.1.0.tgz",
      "integrity": "sha512-MHp03UImeVhB7XZtjd0E4n6+3xr5Dq/9xI/5FptGk5FrbDR3zagPa2DS6U8ks/3HjbKWG9Q1M2ufOzxV2qLYSQ==",
      "dependencies": {
        "base64-js": "0.0.8",
        "unicode-trie": "^2.0.0"
      }
    },
    "node_modules/linebreak/node_modules/base64-js": {
      "version": "0.0.8",
      "resolved": "https://registry.npmjs.org/base64-js/-/base64-js-0.0.8.tgz",
      "integrity": "sha512-3XSA2cR/h/73EzlXXdU6YNycmYI7+kicTxks4eJg2g39biHR84slg2+des+p7iHYhbRg/udIS4TD53WabcOUkw==",
      "engines": {
        "node": ">= 0.4"
      }
    },
    "node_modules/object-inspect": {
      "version": "1.12.2",
      "license": "MIT",
      "funding": {
        "url": "https://github.com/sponsors/ljharb"
      }
    },
    "node_modules/object-is": {
      "version": "1.1.5",
      "license": "MIT",
      "dependencies": {
        "call-bind": "^1.0.2",
        "define-properties": "^1.1.3"
      },
      "engines": {
        "node": ">= 0.4"
      },
      "funding": {
        "url": "https://github.com/sponsors/ljharb"
      }
    },
    "node_modules/object-keys": {
      "version": "1.1.1",
      "license": "MIT",
      "engines": {
        "node": ">= 0.4"
      }
    },
    "node_modules/object.assign": {
      "version": "4.1.4",
      "license": "MIT",
      "dependencies": {
        "call-bind": "^1.0.2",
        "define-properties": "^1.1.4",
        "has-symbols": "^1.0.3",
        "object-keys": "^1.1.1"
      },
      "engines": {
        "node": ">= 0.4"
      },
      "funding": {
        "url": "https://github.com/sponsors/ljharb"
      }
    },
    "node_modules/pako": {
      "version": "0.2.9",
      "license": "MIT"
    },
    "node_modules/pdfkit": {
      "version": "0.13.0",
      "license": "MIT",
      "dependencies": {
        "crypto-js": "^4.0.0",
        "fontkit": "^1.8.1",
        "linebreak": "^1.0.2",
        "png-js": "^1.0.0"
      }
    },
    "node_modules/png-js": {
      "version": "1.0.0"
    },
    "node_modules/regexp.prototype.flags": {
      "version": "1.4.3",
      "license": "MIT",
      "dependencies": {
        "call-bind": "^1.0.2",
        "define-properties": "^1.1.3",
        "functions-have-names": "^1.2.2"
      },
      "engines": {
        "node": ">= 0.4"
      },
      "funding": {
        "url": "https://github.com/sponsors/ljharb"
      }
    },
    "node_modules/restructure": {
      "version": "2.0.1",
      "license": "MIT"
    },
    "node_modules/side-channel": {
      "version": "1.0.4",
      "license": "MIT",
      "dependencies": {
        "call-bind": "^1.0.0",
        "get-intrinsic": "^1.0.2",
        "object-inspect": "^1.9.0"
      },
      "funding": {
        "url": "https://github.com/sponsors/ljharb"
      }
    },
    "node_modules/tiny-inflate": {
      "version": "1.0.3",
      "license": "MIT"
    },
    "node_modules/tslib": {
      "version": "2.4.1",
      "license": "0BSD"
    },
    "node_modules/unicode-properties": {
      "version": "1.4.1",
      "license": "MIT",
      "dependencies": {
        "base64-js": "^1.3.0",
        "unicode-trie": "^2.0.0"
      }
    },
    "node_modules/unicode-trie": {
      "version": "2.0.0",
      "license": "MIT",
      "dependencies": {
        "pako": "^0.2.5",
        "tiny-inflate": "^1.0.0"
      }
    },
    "node_modules/which-boxed-primitive": {
      "version": "1.0.2",
      "license": "MIT",
      "dependencies": {
        "is-bigint": "^1.0.1",
        "is-boolean-object": "^1.1.0",
        "is-number-object": "^1.0.4",
        "is-string": "^1.0.5",
        "is-symbol": "^1.0.3"
      },
      "funding": {
        "url": "https://github.com/sponsors/ljharb"
      }
    },
    "node_modules/which-collection": {
      "version": "1.0.1",
      "license": "MIT",
      "dependencies": {
        "is-map": "^2.0.1",
        "is-set": "^2.0.1",
        "is-weakmap": "^2.0.1",
        "is-weakset": "^2.0.1"
      },
      "funding": {
        "url": "https://github.com/sponsors/ljharb"
      }
    },
    "node_modules/which-typed-array": {
      "version": "1.1.9",
      "license": "MIT",
      "dependencies": {
        "available-typed-arrays": "^1.0.5",
        "call-bind": "^1.0.2",
        "for-each": "^0.3.3",
        "gopd": "^1.0.1",
        "has-tostringtag": "^1.0.0",
        "is-typed-array": "^1.1.10"
      },
      "engines": {
        "node": ">= 0.4"
      },
      "funding": {
        "url": "https://github.com/sponsors/ljharb"
      }
    }
  },
  "dependencies": {
    "@swc/helpers": {
      "version": "0.3.17",
      "requires": {
        "tslib": "^2.4.0"
      }
    },
    "available-typed-arrays": {
      "version": "1.0.5"
    },
    "base64-js": {
      "version": "1.5.1"
    },
    "brotli": {
      "version": "1.3.3",
      "requires": {
        "base64-js": "^1.1.2"
      }
    },
    "call-bind": {
      "version": "1.0.2",
      "requires": {
        "function-bind": "^1.1.1",
        "get-intrinsic": "^1.0.2"
      }
    },
    "clone": {
      "version": "2.1.2"
    },
    "crypto-js": {
      "version": "4.1.1"
    },
    "deep-equal": {
      "version": "2.1.0",
      "requires": {
        "call-bind": "^1.0.2",
        "es-get-iterator": "^1.1.2",
        "get-intrinsic": "^1.1.3",
        "is-arguments": "^1.1.1",
        "is-date-object": "^1.0.5",
        "is-regex": "^1.1.4",
        "isarray": "^2.0.5",
        "object-is": "^1.1.5",
        "object-keys": "^1.1.1",
        "object.assign": "^4.1.4",
        "regexp.prototype.flags": "^1.4.3",
        "side-channel": "^1.0.4",
        "which-boxed-primitive": "^1.0.2",
        "which-collection": "^1.0.1",
        "which-typed-array": "^1.1.8"
      }
    },
    "define-properties": {
      "version": "1.1.4",
      "requires": {
        "has-property-descriptors": "^1.0.0",
        "object-keys": "^1.1.1"
      }
    },
    "dfa": {
      "version": "1.2.0"
    },
    "es-get-iterator": {
      "version": "1.1.2",
      "requires": {
        "call-bind": "^1.0.2",
        "get-intrinsic": "^1.1.0",
        "has-symbols": "^1.0.1",
        "is-arguments": "^1.1.0",
        "is-map": "^2.0.2",
        "is-set": "^2.0.2",
        "is-string": "^1.0.5",
        "isarray": "^2.0.5"
      }
    },
    "fontkit": {
      "version": "1.9.0",
      "requires": {
        "@swc/helpers": "^0.3.13",
        "brotli": "^1.3.2",
        "clone": "^2.1.2",
        "deep-equal": "^2.0.5",
        "dfa": "^1.2.0",
        "restructure": "^2.0.1",
        "tiny-inflate": "^1.0.3",
        "unicode-properties": "^1.3.1",
        "unicode-trie": "^2.0.0"
      }
    },
    "for-each": {
      "version": "0.3.3",
      "requires": {
        "is-callable": "^1.1.3"
      }
    },
    "function-bind": {
      "version": "1.1.1"
    },
    "functions-have-names": {
      "version": "1.2.3"
    },
    "get-intrinsic": {
      "version": "1.1.3",
      "requires": {
        "function-bind": "^1.1.1",
        "has": "^1.0.3",
        "has-symbols": "^1.0.3"
      }
    },
    "gopd": {
      "version": "1.0.1",
      "requires": {
        "get-intrinsic": "^1.1.3"
      }
    },
    "has": {
      "version": "1.0.3",
      "requires": {
        "function-bind": "^1.1.1"
      }
    },
    "has-bigints": {
      "version": "1.0.2"
    },
    "has-property-descriptors": {
      "version": "1.0.0",
      "requires": {
        "get-intrinsic": "^1.1.1"
      }
    },
    "has-symbols": {
      "version": "1.0.3"
    },
    "has-tostringtag": {
      "version": "1.0.0",
      "requires": {
        "has-symbols": "^1.0.2"
      }
    },
    "image-to-pdf": {
      "version": "2.0.0",
      "resolved": "https://registry.npmjs.org/image-to-pdf/-/image-to-pdf-2.0.0.tgz",
      "integrity": "sha512-LgD++wJQ8euCjo1cxcfECOyYtPFJZiZEUaknSWjuVbz37meYURW3A8gF+72QiQuWywAm5DLFxuggOu9+ZTxAfQ==",
      "requires": {
        "pdfkit": "^0.13.0"
      }
    },
    "is-arguments": {
      "version": "1.1.1",
      "requires": {
        "call-bind": "^1.0.2",
        "has-tostringtag": "^1.0.0"
      }
    },
    "is-bigint": {
      "version": "1.0.4",
      "requires": {
        "has-bigints": "^1.0.1"
      }
    },
    "is-boolean-object": {
      "version": "1.1.2",
      "requires": {
        "call-bind": "^1.0.2",
        "has-tostringtag": "^1.0.0"
      }
    },
    "is-callable": {
      "version": "1.2.7"
    },
    "is-date-object": {
      "version": "1.0.5",
      "requires": {
        "has-tostringtag": "^1.0.0"
      }
    },
    "is-map": {
      "version": "2.0.2"
    },
    "is-number-object": {
      "version": "1.0.7",
      "requires": {
        "has-tostringtag": "^1.0.0"
      }
    },
    "is-regex": {
      "version": "1.1.4",
      "requires": {
        "call-bind": "^1.0.2",
        "has-tostringtag": "^1.0.0"
      }
    },
    "is-set": {
      "version": "2.0.2"
    },
    "is-string": {
      "version": "1.0.7",
      "requires": {
        "has-tostringtag": "^1.0.0"
      }
    },
    "is-symbol": {
      "version": "1.0.4",
      "requires": {
        "has-symbols": "^1.0.2"
      }
    },
    "is-typed-array": {
      "version": "1.1.10",
      "requires": {
        "available-typed-arrays": "^1.0.5",
        "call-bind": "^1.0.2",
        "for-each": "^0.3.3",
        "gopd": "^1.0.1",
        "has-tostringtag": "^1.0.0"
      }
    },
    "is-weakmap": {
      "version": "2.0.1"
    },
    "is-weakset": {
      "version": "2.0.2",
      "requires": {
        "call-bind": "^1.0.2",
        "get-intrinsic": "^1.1.1"
      }
    },
    "isarray": {
      "version": "2.0.5"
    },
    "linebreak": {
      "version": "1.1.0",
      "resolved": "https://registry.npmjs.org/linebreak/-/linebreak-1.1.0.tgz",
      "integrity": "sha512-MHp03UImeVhB7XZtjd0E4n6+3xr5Dq/9xI/5FptGk5FrbDR3zagPa2DS6U8ks/3HjbKWG9Q1M2ufOzxV2qLYSQ==",
      "requires": {
        "base64-js": "0.0.8",
        "unicode-trie": "^2.0.0"
      },
      "dependencies": {
        "base64-js": {
          "version": "0.0.8",
          "resolved": "https://registry.npmjs.org/base64-js/-/base64-js-0.0.8.tgz",
          "integrity": "sha512-3XSA2cR/h/73EzlXXdU6YNycmYI7+kicTxks4eJg2g39biHR84slg2+des+p7iHYhbRg/udIS4TD53WabcOUkw=="
        }
      }
    },
    "object-inspect": {
      "version": "1.12.2"
    },
    "object-is": {
      "version": "1.1.5",
      "requires": {
        "call-bind": "^1.0.2",
        "define-properties": "^1.1.3"
      }
    },
    "object-keys": {
      "version": "1.1.1"
    },
    "object.assign": {
      "version": "4.1.4",
      "requires": {
        "call-bind": "^1.0.2",
        "define-properties": "^1.1.4",
        "has-symbols": "^1.0.3",
        "object-keys": "^1.1.1"
      }
    },
    "pako": {
      "version": "0.2.9"
    },
    "pdfkit": {
      "version": "0.13.0",
      "requires": {
        "crypto-js": "^4.0.0",
        "fontkit": "^1.8.1",
        "linebreak": "^1.0.2",
        "png-js": "^1.0.0"
      }
    },
    "png-js": {
      "version": "1.0.0"
    },
    "regexp.prototype.flags": {
      "version": "1.4.3",
      "requires": {
        "call-bind": "^1.0.2",
        "define-properties": "^1.1.3",
        "functions-have-names": "^1.2.2"
      }
    },
    "restructure": {
      "version": "2.0.1"
    },
    "side-channel": {
      "version": "1.0.4",
      "requires": {
        "call-bind": "^1.0.0",
        "get-intrinsic": "^1.0.2",
        "object-inspect": "^1.9.0"
      }
    },
    "tiny-inflate": {
      "version": "1.0.3"
    },
    "tslib": {
      "version": "2.4.1"
    },
    "unicode-properties": {
      "version": "1.4.1",
      "requires": {
        "base64-js": "^1.3.0",
        "unicode-trie": "^2.0.0"
      }
    },
    "unicode-trie": {
      "version": "2.0.0",
      "requires": {
        "pako": "^0.2.5",
        "tiny-inflate": "^1.0.0"
      }
    },
    "which-boxed-primitive": {
      "version": "1.0.2",
      "requires": {
        "is-bigint": "^1.0.1",
        "is-boolean-object": "^1.1.0",
        "is-number-object": "^1.0.4",
        "is-string": "^1.0.5",
        "is-symbol": "^1.0.3"
      }
    },
    "which-collection": {
      "version": "1.0.1",
      "requires": {
        "is-map": "^2.0.1",
        "is-set": "^2.0.1",
        "is-weakmap": "^2.0.1",
        "is-weakset": "^2.0.1"
      }
    },
    "which-typed-array": {
      "version": "1.1.9",
      "requires": {
        "available-typed-arrays": "^1.0.5",
        "call-bind": "^1.0.2",
        "for-each": "^0.3.3",
        "gopd": "^1.0.1",
        "has-tostringtag": "^1.0.0",
        "is-typed-array": "^1.1.10"
      }
    }
  }
}
